
Microsoft Visual Studio Solution File, Format Version 12.00
# Visual Studio Version 17
VisualStudioVersion = 17.7.34221.43
MinimumVisualStudioVersion = 10.0.40219.1
Project("{FAE04EC0-301F-11D3-BF4B-00C04F79EFBC}") = "FunctionApp1", "FunctionApp1.csproj", "{2594B169-3159-4359-9604-9038663C35B0}"
EndProject
Global
	GlobalSection(SolutionConfigurationPlatforms) = preSolution
		Debug|Any CPU = Debug|Any CPU
		Release|Any CPU = Release|Any CPU
	EndGlobalSection
	GlobalSection(ProjectConfigurationPlatforms) = postSolution
		{2594B169-3159-4359-9604-9038663C35B0}.Debug|Any CPU.ActiveCfg = Debug|Any CPU
		{2594B169-3159-4359-9604-9038663C35B0}.Debug|Any CPU.Build.0 = Debug|Any CPU
		{2594B169-3159-4359-9604-9038663C35B0}.Release|Any CPU.ActiveCfg = Release|Any CPU
		{2594B169-3159-4359-9604-9038663C35B0}.Release|Any CPU.Build.0 = Release|Any CPU
	EndGlobalSection
	GlobalSection(SolutionProperties) = preSolution
		HideSolutionNode = FALSE
	EndGlobalSection
	GlobalSection(ExtensibilityGlobals) = postSolution
		SolutionGuid = {43CA0F15-6186-42D0-86B8-5BBBB2E76BB0}
	EndGlobalSection
EndGlobal
